
Microsoft Visual Studio Solution File, Format Version 12.00
# Visual Studio Version 17
VisualStudioVersion = 17.6.33815.320
MinimumVisualStudioVersion = 10.0.40219.1
Project("{888888A0-9F3D-457C-B088-3A5042F75D52}") = "Py 3d World", "Py 3d World.pyproj", "{021563FB-C48F-4D3A-BABE-4DF7870A1698}"
EndProject
Global
	GlobalSection(SolutionConfigurationPlatforms) = preSolution
		Debug|Any CPU = Debug|Any CPU
		Release|Any CPU = Release|Any CPU
	EndGlobalSection
	GlobalSection(ProjectConfigurationPlatforms) = postSolution
		{021563FB-C48F-4D3A-BABE-4DF7870A1698}.Debug|Any CPU.ActiveCfg = Debug|Any CPU
		{021563FB-C48F-4D3A-BABE-4DF7870A1698}.Release|Any CPU.ActiveCfg = Release|Any CPU
	EndGlobalSection
	GlobalSection(SolutionProperties) = preSolution
		HideSolutionNode = FALSE
	EndGlobalSection
	GlobalSection(ExtensibilityGlobals) = postSolution
		SolutionGuid = {22123D71-E26D-402D-9A9B-893425990449}
	EndGlobalSection
EndGlobal
